
Microsoft Visual Studio Solution File, Format Version 12.00
# Visual Studio Version 17
VisualStudioVersion = 17.10.35122.118
MinimumVisualStudioVersion = 10.0.40219.1
Project("{FAE04EC0-301F-11D3-BF4B-00C04F79EFBC}") = "atolyetemizlikprojesi", "atolyetemizlikprojesi.csproj", "{3D09A781-A2B9-4081-BC1A-6565CBC9DCC5}"
EndProject
Global
	GlobalSection(SolutionConfigurationPlatforms) = preSolution
		Debug|Any CPU = Debug|Any CPU
		Release|Any CPU = Release|Any CPU
	EndGlobalSection
	GlobalSection(ProjectConfigurationPlatforms) = postSolution
		{3D09A781-A2B9-4081-BC1A-6565CBC9DCC5}.Debug|Any CPU.ActiveCfg = Debug|Any CPU
		{3D09A781-A2B9-4081-BC1A-6565CBC9DCC5}.Debug|Any CPU.Build.0 = Debug|Any CPU
		{3D09A781-A2B9-4081-BC1A-6565CBC9DCC5}.Release|Any CPU.ActiveCfg = Release|Any CPU
		{3D09A781-A2B9-4081-BC1A-6565CBC9DCC5}.Release|Any CPU.Build.0 = Release|Any CPU
	EndGlobalSection
	GlobalSection(SolutionProperties) = preSolution
		HideSolutionNode = FALSE
	EndGlobalSection
	GlobalSection(ExtensibilityGlobals) = postSolution
		SolutionGuid = {D32DD0B1-220D-43C4-B790-BC3962C84390}
	EndGlobalSection
EndGlobal
